
Microsoft Visual Studio Solution File, Format Version 12.00
# Visual Studio Version 17
VisualStudioVersion = 17.9.34728.123
MinimumVisualStudioVersion = 10.0.40219.1
Project("{9A19103F-16F7-4668-BE54-9A1E7A4F7556}") = "AuthenticationAPI", "..\..\Desktop\AuthenticationandAuthrizationAPI\AuthenticationAPI\AuthenticationAPI.csproj", "{85835ECD-BD0B-4654-BD41-7C238ED6BC54}"
EndProject
Project("{9A19103F-16F7-4668-BE54-9A1E7A4F7556}") = "AuthenticationAPI.Tests", "..\..\Desktop\AuthenticationandAuthrizationAPI\AuthenticationAPI.Tests\AuthenticationAPI.Tests.csproj", "{F8159490-1E1E-42A7-892F-5C6F61994C56}"
EndProject
Project("{9A19103F-16F7-4668-BE54-9A1E7A4F7556}") = "AuthorizationAPI", "..\..\Desktop\AuthenticationandAuthrizationAPI\AuthorizationAPI\AuthorizationAPI.csproj", "{3A457073-562C-4559-A10A-CACD200B884B}"
EndProject
Project("{9A19103F-16F7-4668-BE54-9A1E7A4F7556}") = "AuthorizationAPI.Tests", "..\..\Desktop\AuthenticationandAuthrizationAPI\AuthorizationAPI.Tests\AuthorizationAPI.Tests.csproj", "{0E7E19E4-202D-47CE-8417-E7E311FA36E3}"
EndProject
Global
	GlobalSection(SolutionConfigurationPlatforms) = preSolution
		Debug|Any CPU = Debug|Any CPU
		Release|Any CPU = Release|Any CPU
	EndGlobalSection
	GlobalSection(ProjectConfigurationPlatforms) = postSolution
		{85835ECD-BD0B-4654-BD41-7C238ED6BC54}.Debug|Any CPU.ActiveCfg = Debug|Any CPU
		{85835ECD-BD0B-4654-BD41-7C238ED6BC54}.Debug|Any CPU.Build.0 = Debug|Any CPU
		{85835ECD-BD0B-4654-BD41-7C238ED6BC54}.Release|Any CPU.ActiveCfg = Release|Any CPU
		{85835ECD-BD0B-4654-BD41-7C238ED6BC54}.Release|Any CPU.Build.0 = Release|Any CPU
		{F8159490-1E1E-42A7-892F-5C6F61994C56}.Debug|Any CPU.ActiveCfg = Debug|Any CPU
		{F8159490-1E1E-42A7-892F-5C6F61994C56}.Debug|Any CPU.Build.0 = Debug|Any CPU
		{F8159490-1E1E-42A7-892F-5C6F61994C56}.Release|Any CPU.ActiveCfg = Release|Any CPU
		{F8159490-1E1E-42A7-892F-5C6F61994C56}.Release|Any CPU.Build.0 = Release|Any CPU
		{3A457073-562C-4559-A10A-CACD200B884B}.Debug|Any CPU.ActiveCfg = Debug|Any CPU
		{3A457073-562C-4559-A10A-CACD200B884B}.Debug|Any CPU.Build.0 = Debug|Any CPU
		{3A457073-562C-4559-A10A-CACD200B884B}.Release|Any CPU.ActiveCfg = Release|Any CPU
		{3A457073-562C-4559-A10A-CACD200B884B}.Release|Any CPU.Build.0 = Release|Any CPU
		{0E7E19E4-202D-47CE-8417-E7E311FA36E3}.Debug|Any CPU.ActiveCfg = Debug|Any CPU
		{0E7E19E4-202D-47CE-8417-E7E311FA36E3}.Debug|Any CPU.Build.0 = Debug|Any CPU
		{0E7E19E4-202D-47CE-8417-E7E311FA36E3}.Release|Any CPU.ActiveCfg = Release|Any CPU
		{0E7E19E4-202D-47CE-8417-E7E311FA36E3}.Release|Any CPU.Build.0 = Release|Any CPU
	EndGlobalSection
	GlobalSection(SolutionProperties) = preSolution
		HideSolutionNode = FALSE
	EndGlobalSection
	GlobalSection(ExtensibilityGlobals) = postSolution
		SolutionGuid = {5B487C67-C99C-40F0-8D68-899C92B33FF3}
	EndGlobalSection
EndGlobal
